
Microsoft Visual Studio Solution File, Format Version 12.00
# Visual Studio Version 16
VisualStudioVersion = 16.0.29920.165
MinimumVisualStudioVersion = 10.0.40219.1
Project("{FAE04EC0-301F-11D3-BF4B-00C04F79EFBC}") = "ian_laskin", "ian_laskin\ian_laskin.csproj", "{C9F149D3-1097-42AF-B760-32DF88FACDAA}"
EndProject
Global
	GlobalSection(SolutionConfigurationPlatforms) = preSolution
		Debug|Any CPU = Debug|Any CPU
		Release|Any CPU = Release|Any CPU
	EndGlobalSection
	GlobalSection(ProjectConfigurationPlatforms) = postSolution
		{C9F149D3-1097-42AF-B760-32DF88FACDAA}.Debug|Any CPU.ActiveCfg = Debug|Any CPU
		{C9F149D3-1097-42AF-B760-32DF88FACDAA}.Debug|Any CPU.Build.0 = Debug|Any CPU
		{C9F149D3-1097-42AF-B760-32DF88FACDAA}.Release|Any CPU.ActiveCfg = Release|Any CPU
		{C9F149D3-1097-42AF-B760-32DF88FACDAA}.Release|Any CPU.Build.0 = Release|Any CPU
	EndGlobalSection
	GlobalSection(SolutionProperties) = preSolution
		HideSolutionNode = FALSE
	EndGlobalSection
	GlobalSection(ExtensibilityGlobals) = postSolution
		SolutionGuid = {FBFE8576-E3AF-4356-8DAB-55BE980DF0B8}
	EndGlobalSection
EndGlobal
