
Microsoft Visual Studio Solution File, Format Version 12.00
# Visual Studio Version 16
VisualStudioVersion = 16.0.29920.165
MinimumVisualStudioVersion = 10.0.40219.1
Project("{FAE04EC0-301F-11D3-BF4B-00C04F79EFBC}") = "EkaProjektini", "EkaProjektini\EkaProjektini.csproj", "{762EC13C-84FC-4F51-886F-7C3B74217D67}"
EndProject
Global
	GlobalSection(SolutionConfigurationPlatforms) = preSolution
		Debug|Any CPU = Debug|Any CPU
		Release|Any CPU = Release|Any CPU
	EndGlobalSection
	GlobalSection(ProjectConfigurationPlatforms) = postSolution
		{762EC13C-84FC-4F51-886F-7C3B74217D67}.Debug|Any CPU.ActiveCfg = Debug|Any CPU
		{762EC13C-84FC-4F51-886F-7C3B74217D67}.Debug|Any CPU.Build.0 = Debug|Any CPU
		{762EC13C-84FC-4F51-886F-7C3B74217D67}.Release|Any CPU.ActiveCfg = Release|Any CPU
		{762EC13C-84FC-4F51-886F-7C3B74217D67}.Release|Any CPU.Build.0 = Release|Any CPU
	EndGlobalSection
	GlobalSection(SolutionProperties) = preSolution
		HideSolutionNode = FALSE
	EndGlobalSection
	GlobalSection(ExtensibilityGlobals) = postSolution
		SolutionGuid = {52DDE4C8-2876-44F7-87B7-3206FADF0ED2}
	EndGlobalSection
EndGlobal
