
Microsoft Visual Studio Solution File, Format Version 12.00
# Visual Studio Version 16
VisualStudioVersion = 16.0.29920.165
MinimumVisualStudioVersion = 10.0.40219.1
Project("{FAE04EC0-301F-11D3-BF4B-00C04F79EFBC}") = "tehtava11", "tehtava11\tehtava11.csproj", "{E2A86A9F-329D-480E-B533-8FC74ECCADF1}"
EndProject
Global
	GlobalSection(SolutionConfigurationPlatforms) = preSolution
		Debug|Any CPU = Debug|Any CPU
		Release|Any CPU = Release|Any CPU
	EndGlobalSection
	GlobalSection(ProjectConfigurationPlatforms) = postSolution
		{E2A86A9F-329D-480E-B533-8FC74ECCADF1}.Debug|Any CPU.ActiveCfg = Debug|Any CPU
		{E2A86A9F-329D-480E-B533-8FC74ECCADF1}.Debug|Any CPU.Build.0 = Debug|Any CPU
		{E2A86A9F-329D-480E-B533-8FC74ECCADF1}.Release|Any CPU.ActiveCfg = Release|Any CPU
		{E2A86A9F-329D-480E-B533-8FC74ECCADF1}.Release|Any CPU.Build.0 = Release|Any CPU
	EndGlobalSection
	GlobalSection(SolutionProperties) = preSolution
		HideSolutionNode = FALSE
	EndGlobalSection
	GlobalSection(ExtensibilityGlobals) = postSolution
		SolutionGuid = {B6E9BD0D-F857-46CA-A35C-10328EB927FA}
	EndGlobalSection
EndGlobal
