
Microsoft Visual Studio Solution File, Format Version 12.00
# Visual Studio Version 16
VisualStudioVersion = 16.0.29920.165
MinimumVisualStudioVersion = 10.0.40219.1
Project("{FAE04EC0-301F-11D3-BF4B-00C04F79EFBC}") = "tehtava5", "tehtava5\tehtava5.csproj", "{EC72C8D5-47FB-41F9-AA13-41F68725E3CB}"
EndProject
Global
	GlobalSection(SolutionConfigurationPlatforms) = preSolution
		Debug|Any CPU = Debug|Any CPU
		Release|Any CPU = Release|Any CPU
	EndGlobalSection
	GlobalSection(ProjectConfigurationPlatforms) = postSolution
		{EC72C8D5-47FB-41F9-AA13-41F68725E3CB}.Debug|Any CPU.ActiveCfg = Debug|Any CPU
		{EC72C8D5-47FB-41F9-AA13-41F68725E3CB}.Debug|Any CPU.Build.0 = Debug|Any CPU
		{EC72C8D5-47FB-41F9-AA13-41F68725E3CB}.Release|Any CPU.ActiveCfg = Release|Any CPU
		{EC72C8D5-47FB-41F9-AA13-41F68725E3CB}.Release|Any CPU.Build.0 = Release|Any CPU
	EndGlobalSection
	GlobalSection(SolutionProperties) = preSolution
		HideSolutionNode = FALSE
	EndGlobalSection
	GlobalSection(ExtensibilityGlobals) = postSolution
		SolutionGuid = {4649A81A-07F9-4C79-ADB3-3EDE06DAEE5C}
	EndGlobalSection
EndGlobal
